
Microsoft Visual Studio Solution File, Format Version 12.00
# Visual Studio 14
VisualStudioVersion = 14.0.25420.1
MinimumVisualStudioVersion = 10.0.40219.1
Project("{FAE04EC0-301F-11D3-BF4B-00C04F79EFBC}") = "CD4_Server", "CD5_Server\CD4_Server.csproj", "{74EFEB95-3CE7-4627-A381-791A2C930F75}"
EndProject
Project("{FAE04EC0-301F-11D3-BF4B-00C04F79EFBC}") = "CD4_Client", "CD5_Client\CD4_Client.csproj", "{43C67E41-A624-4703-BE3E-0D1C269E186C}"
EndProject
Project("{FAE04EC0-301F-11D3-BF4B-00C04F79EFBC}") = "CD4_DataHandling", "CD5_DataHandling\CD4_DataHandling.csproj", "{37B8149F-4372-4FF8-8140-0413718BF5EF}"
EndProject
Global
	GlobalSection(SolutionConfigurationPlatforms) = preSolution
		Debug|Any CPU = Debug|Any CPU
		Release|Any CPU = Release|Any CPU
	EndGlobalSection
	GlobalSection(ProjectConfigurationPlatforms) = postSolution
		{74EFEB95-3CE7-4627-A381-791A2C930F75}.Debug|Any CPU.ActiveCfg = Debug|Any CPU
		{74EFEB95-3CE7-4627-A381-791A2C930F75}.Debug|Any CPU.Build.0 = Debug|Any CPU
		{74EFEB95-3CE7-4627-A381-791A2C930F75}.Release|Any CPU.ActiveCfg = Release|Any CPU
		{74EFEB95-3CE7-4627-A381-791A2C930F75}.Release|Any CPU.Build.0 = Release|Any CPU
		{43C67E41-A624-4703-BE3E-0D1C269E186C}.Debug|Any CPU.ActiveCfg = Debug|Any CPU
		{43C67E41-A624-4703-BE3E-0D1C269E186C}.Debug|Any CPU.Build.0 = Debug|Any CPU
		{43C67E41-A624-4703-BE3E-0D1C269E186C}.Release|Any CPU.ActiveCfg = Release|Any CPU
		{43C67E41-A624-4703-BE3E-0D1C269E186C}.Release|Any CPU.Build.0 = Release|Any CPU
		{37B8149F-4372-4FF8-8140-0413718BF5EF}.Debug|Any CPU.ActiveCfg = Debug|Any CPU
		{37B8149F-4372-4FF8-8140-0413718BF5EF}.Debug|Any CPU.Build.0 = Debug|Any CPU
		{37B8149F-4372-4FF8-8140-0413718BF5EF}.Release|Any CPU.ActiveCfg = Release|Any CPU
		{37B8149F-4372-4FF8-8140-0413718BF5EF}.Release|Any CPU.Build.0 = Release|Any CPU
	EndGlobalSection
	GlobalSection(SolutionProperties) = preSolution
		HideSolutionNode = FALSE
	EndGlobalSection
	GlobalSection(ExtensibilityGlobals) = postSolution
		VisualSVNWorkingCopyRoot = .
	EndGlobalSection
EndGlobal
